// !$*UTF8*$!
{
	archiveVersion = 1;
	classes = {
	};
	objectVersion = 46;
	objects = {

/* Begin PBXBuildFile section */
		793D61891E93CF920075FDB3 /* AppDelegate.swift in Sources */ = {isa = PBXBuildFile; fileRef = 793D61881E93CF920075FDB3 /* AppDelegate.swift */; };
		793D618B1E93CF920075FDB3 /* ViewController.swift in Sources */ = {isa = PBXBuildFile; fileRef = 793D618A1E93CF920075FDB3 /* ViewController.swift */; };
		793D618E1E93CF930075FDB3 /* Main.storyboard in Resources */ = {isa = PBXBuildFile; fileRef = 793D618C1E93CF930075FDB3 /* Main.storyboard */; };
		793D61901E93CF930075FDB3 /* Assets.xcassets in Resources */ = {isa = PBXBuildFile; fileRef = 793D618F1E93CF930075FDB3 /* Assets.xcassets */; };
		793D61931E93CF930075FDB3 /* LaunchScreen.storyboard in Resources */ = {isa = PBXBuildFile; fileRef = 793D61911E93CF930075FDB3 /* LaunchScreen.storyboard */; };
		793D619B1E93D13F0075FDB3 /* AbstractCard.swift in Sources */ = {isa = PBXBuildFile; fileRef = 793D619A1E93D13F0075FDB3 /* AbstractCard.swift */; };
		793D619D1E93D23E0075FDB3 /* Card.swift in Sources */ = {isa = PBXBuildFile; fileRef = 793D619C1E93D23E0075FDB3 /* Card.swift */; };
/* End PBXBuildFile section */

/* Begin PBXFileReference section */
		793D61851E93CF920075FDB3 /* CreationalPatterns.app */ = {isa = PBXFileReference; explicitFileType = wrapper.application; includeInIndex = 0; path = CreationalPatterns.app; sourceTree = BUILT_PRODUCTS_DIR; };
		793D61881E93CF920075FDB3 /* AppDelegate.swift */ = {isa = PBXFileReference; lastKnownFileType = sourcecode.swift; path = AppDelegate.swift; sourceTree = "<group>"; };
		793D618A1E93CF920075FDB3 /* ViewController.swift */ = {isa = PBXFileReference; lastKnownFileType = sourcecode.swift; path = ViewController.swift; sourceTree = "<group>"; };
		793D618D1E93CF930075FDB3 /* Base */ = {isa = PBXFileReference; lastKnownFileType = file.storyboard; name = Base; path = Base.lproj/Main.storyboard; sourceTree = "<group>"; };
		793D618F1E93CF930075FDB3 /* Assets.xcassets */ = {isa = PBXFileReference; lastKnownFileType = folder.assetcatalog; path = Assets.xcassets; sourceTree = "<group>"; };
		793D61921E93CF930075FDB3 /* Base */ = {isa = PBXFileReference; lastKnownFileType = file.storyboard; name = Base; path = Base.lproj/LaunchScreen.storyboard; sourceTree = "<group>"; };
		793D61941E93CF930075FDB3 /* Info.plist */ = {isa = PBXFileReference; lastKnownFileType = text.plist.xml; path = Info.plist; sourceTree = "<group>"; };
		793D619A1E93D13F0075FDB3 /* AbstractCard.swift */ = {isa = PBXFileReference; fileEncoding = 4; lastKnownFileType = sourcecode.swift; path = AbstractCard.swift; sourceTree = "<group>"; };
		793D619C1E93D23E0075FDB3 /* Card.swift */ = {isa = PBXFileReference; fileEncoding = 4; lastKnownFileType = sourcecode.swift; path = Card.swift; sourceTree = "<group>"; };
/* End PBXFileReference section */

/* Begin PBXFrameworksBuildPhase section */
		793D61821E93CF920075FDB3 /* Frameworks */ = {
			isa = PBXFrameworksBuildPhase;
			buildActionMask = 2147483647;
			files = (
			);
			runOnlyForDeploymentPostprocessing = 0;
		};
/* End PBXFrameworksBuildPhase section */

/* Begin PBXGroup section */
		793D617C1E93CF920075FDB3 = {
			isa = PBXGroup;
			children = (
				793D61871E93CF920075FDB3 /* CreationalPatterns */,
				793D61861E93CF920075FDB3 /* Products */,
			);
			sourceTree = "<group>";
		};
		793D61861E93CF920075FDB3 /* Products */ = {
			isa = PBXGroup;
			children = (
				793D61851E93CF920075FDB3 /* CreationalPatterns.app */,
			);
			name = Products;
			sourceTree = "<group>";
		};
		793D61871E93CF920075FDB3 /* CreationalPatterns */ = {
			isa = PBXGroup;
			children = (
				793D61881E93CF920075FDB3 /* AppDelegate.swift */,
				793D618A1E93CF920075FDB3 /* ViewController.swift */,
				793D618C1E93CF930075FDB3 /* Main.storyboard */,
				793D618F1E93CF930075FDB3 /* Assets.xcassets */,
				793D61911E93CF930075FDB3 /* LaunchScreen.storyboard */,
				793D61941E93CF930075FDB3 /* Info.plist */,
				793D619A1E93D13F0075FDB3 /* AbstractCard.swift */,
				793D619C1E93D23E0075FDB3 /* Card.swift */,
			);
			path = CreationalPatterns;
			sourceTree = "<group>";
		};
/* End PBXGroup section */

/* Begin PBXNativeTarget section */
		793D61841E93CF920075FDB3 /* CreationalPatterns */ = {
			isa = PBXNativeTarget;
			buildConfigurationList = 793D61971E93CF930075FDB3 /* Build configuration list for PBXNativeTarget "CreationalPatterns" */;
			buildPhases = (
				793D61811E93CF920075FDB3 /* Sources */,
				793D61821E93CF920075FDB3 /* Frameworks */,
				793D61831E93CF920075FDB3 /* Resources */,
			);
			buildRules = (
			);
			dependencies = (
			);
			name = CreationalPatterns;
			productName = CreationalPatterns;
			productReference = 793D61851E93CF920075FDB3 /* CreationalPatterns.app */;
			productType = "com.apple.product-type.application";
		};
/* End PBXNativeTarget section */

/* Begin PBXProject section */
		793D617D1E93CF920075FDB3 /* Project object */ = {
			isa = PBXProject;
			attributes = {
				LastSwiftUpdateCheck = 0830;
				LastUpgradeCheck = 0830;
				ORGANIZATIONNAME = Pixonsoft;
				TargetAttributes = {
					793D61841E93CF920075FDB3 = {
						CreatedOnToolsVersion = 8.3;
						DevelopmentTeam = AXTYT9YGM8;
						ProvisioningStyle = Automatic;
					};
				};
			};
			buildConfigurationList = 793D61801E93CF920075FDB3 /* Build configuration list for PBXProject "CreationalPatterns" */;
			compatibilityVersion = "Xcode 3.2";
			developmentRegion = English;
			hasScannedForEncodings = 0;
			knownRegions = (
				en,
				Base,
			);
			mainGroup = 793D617C1E93CF920075FDB3;
			productRefGroup = 793D61861E93CF920075FDB3 /* Products */;
			projectDirPath = "";
			projectRoot = "";
			targets = (
				793D61841E93CF920075FDB3 /* CreationalPatterns */,
			);
		};
/* End PBXProject section */

/* Begin PBXResourcesBuildPhase section */
		793D61831E93CF920075FDB3 /* Resources */ = {
			isa = PBXResourcesBuildPhase;
			buildActionMask = 2147483647;
			files = (
				793D61931E93CF930075FDB3 /* LaunchScreen.storyboard in Resources */,
				793D61901E93CF930075FDB3 /* Assets.xcassets in Resources */,
				793D618E1E93CF930075FDB3 /* Main.storyboard in Resources */,
			);
			runOnlyForDeploymentPostprocessing = 0;
		};
/* End PBXResourcesBuildPhase section */

/* Begin PBXSourcesBuildPhase section */
		793D61811E93CF920075FDB3 /* Sources */ = {
			isa = PBXSourcesBuildPhase;
			buildActionMask = 2147483647;
			files = (
				793D618B1E93CF920075FDB3 /* ViewController.swift in Sources */,
				793D61891E93CF920075FDB3 /* AppDelegate.swift in Sources */,
				793D619B1E93D13F0075FDB3 /* AbstractCard.swift in Sources */,
				793D619D1E93D23E0075FDB3 /* Card.swift in Sources */,
			);
			runOnlyForDeploymentPostprocessing = 0;
		};
/* End PBXSourcesBuildPhase section */

/* Begin PBXVariantGroup section */
		793D618C1E93CF930075FDB3 /* Main.storyboard */ = {
			isa = PBXVariantGroup;
			children = (
				793D618D1E93CF930075FDB3 /* Base */,
			);
			name = Main.storyboard;
			sourceTree = "<group>";
		};
		793D61911E93CF930075FDB3 /* LaunchScreen.storyboard */ = {
			isa = PBXVariantGroup;
			children = (
				793D61921E93CF930075FDB3 /* Base */,
			);
			name = LaunchScreen.storyboard;
			sourceTree = "<group>";
		};
/* End PBXVariantGroup section */

/* Begin XCBuildConfiguration section */
		793D61951E93CF930075FDB3 /* Debug */ = {
			isa = XCBuildConfiguration;
			buildSettings = {
				ALWAYS_SEARCH_USER_PATHS = NO;
				CLANG_ANALYZER_NONNULL = YES;
				CLANG_ANALYZER_NUMBER_OBJECT_CONVERSION = YES_AGGRESSIVE;
				CLANG_CXX_LANGUAGE_STANDARD = "gnu++0x";
				CLANG_CXX_LIBRARY = "libc++";
				CLANG_ENABLE_MODULES = YES;
				CLANG_ENABLE_OBJC_ARC = YES;
				CLANG_WARN_BOOL_CONVERSION = YES;
				CLANG_WARN_CONSTANT_CONVERSION = YES;
				CLANG_WARN_DIRECT_OBJC_ISA_USAGE = YES_ERROR;
				CLANG_WARN_DOCUMENTATION_COMMENTS = YES;
				CLANG_WARN_EMPTY_BODY = YES;
				CLANG_WARN_ENUM_CONVERSION = YES;
				CLANG_WARN_INFINITE_RECURSION = YES;
				CLANG_WARN_INT_CONVERSION = YES;
				CLANG_WARN_OBJC_ROOT_CLASS = YES_ERROR;
				CLANG_WARN_SUSPICIOUS_MOVE = YES;
				CLANG_WARN_UNREACHABLE_CODE = YES;
				CLANG_WARN__DUPLICATE_METHOD_MATCH = YES;
				"CODE_SIGN_IDENTITY[sdk=iphoneos*]" = "iPhone Developer";
				COPY_PHASE_STRIP = NO;
				DEBUG_INFORMATION_FORMAT = dwarf;
				ENABLE_STRICT_OBJC_MSGSEND = YES;
				ENABLE_TESTABILITY = YES;
				GCC_C_LANGUAGE_STANDARD = gnu99;
				GCC_DYNAMIC_NO_PIC = NO;
				GCC_NO_COMMON_BLOCKS = YES;
				GCC_OPTIMIZATION_LEVEL = 0;
				GCC_PREPROCESSOR_DEFINITIONS = (
					"DEBUG=1",
					"$(inherited)",
				);
				GCC_WARN_64_TO_32_BIT_CONVERSION = YES;
				GCC_WARN_ABOUT_RETURN_TYPE = YES_ERROR;
				GCC_WARN_UNDECLARED_SELECTOR = YES;
				GCC_WARN_UNINITIALIZED_AUTOS = YES_AGGRESSIVE;
				GCC_WARN_UNUSED_FUNCTION = YES;
				GCC_WARN_UNUSED_VARIABLE = YES;
				IPHONEOS_DEPLOYMENT_TARGET = 10.3;
				MTL_ENABLE_DEBUG_INFO = YES;
				ONLY_ACTIVE_ARCH = YES;
				SDKROOT = iphoneos;
				SWIFT_ACTIVE_COMPILATION_CONDITIONS = DEBUG;
				SWIFT_OPTIMIZATION_LEVEL = "-Onone";
				TARGETED_DEVICE_FAMILY = "1,2";
			};
			name = Debug;
		};
		793D61961E93CF930075FDB3 /* Release */ = {
			isa = XCBuildConfiguration;
			buildSettings = {
				ALWAYS_SEARCH_USER_PATHS = NO;
				CLANG_ANALYZER_NONNULL = YES;
				CLANG_ANALYZER_NUMBER_OBJECT_CONVERSION = YES_AGGRESSIVE;
				CLANG_CXX_LANGUAGE_STANDARD = "gnu++0x";
				CLANG_CXX_LIBRARY = "libc++";
				CLANG_ENABLE_MODULES = YES;
				CLANG_ENABLE_OBJC_ARC = YES;
				CLANG_WARN_BOOL_CONVERSION = YES;
				CLANG_WARN_CONSTANT_CONVERSION = YES;
				CLANG_WARN_DIRECT_OBJC_ISA_USAGE = YES_ERROR;
				CLANG_WARN_DOCUMENTATION_COMMENTS = YES;
				CLANG_WARN_EMPTY_BODY = YES;
				CLANG_WARN_ENUM_CONVERSION = YES;
				CLANG_WARN_INFINITE_RECURSION = YES;
				CLANG_WARN_INT_CONVERSION = YES;
				CLANG_WARN_OBJC_ROOT_CLASS = YES_ERROR;
				CLANG_WARN_SUSPICIOUS_MOVE = YES;
				CLANG_WARN_UNREACHABLE_CODE = YES;
				CLANG_WARN__DUPLICATE_METHOD_MATCH = YES;
				"CODE_SIGN_IDENTITY[sdk=iphoneos*]" = "iPhone Developer";
				COPY_PHASE_STRIP = NO;
				DEBUG_INFORMATION_FORMAT = "dwarf-with-dsym";
				ENABLE_NS_ASSERTIONS = NO;
				ENABLE_STRICT_OBJC_MSGSEND = YES;
				GCC_C_LANGUAGE_STANDARD = gnu99;
				GCC_NO_COMMON_BLOCKS = YES;
				GCC_WARN_64_TO_32_BIT_CONVERSION = YES;
				GCC_WARN_ABOUT_RETURN_TYPE = YES_ERROR;
				GCC_WARN_UNDECLARED_SELECTOR = YES;
				GCC_WARN_UNINITIALIZED_AUTOS = YES_AGGRESSIVE;
				GCC_WARN_UNUSED_FUNCTION = YES;
				GCC_WARN_UNUSED_VARIABLE = YES;
				IPHONEOS_DEPLOYMENT_TARGET = 10.3;
				MTL_ENABLE_DEBUG_INFO = NO;
				SDKROOT = iphoneos;
				SWIFT_OPTIMIZATION_LEVEL = "-Owholemodule";
				TARGETED_DEVICE_FAMILY = "1,2";
				VALIDATE_PRODUCT = YES;
			};
			name = Release;
		};
		793D61981E93CF930075FDB3 /* Debug */ = {
			isa = XCBuildConfiguration;
			buildSettings = {
				ASSETCATALOG_COMPILER_APPICON_NAME = AppIcon;
				DEVELOPMENT_TEAM = AXTYT9YGM8;
				INFOPLIST_FILE = CreationalPatterns/Info.plist;
				LD_RUNPATH_SEARCH_PATHS = "$(inherited) @executable_path/Frameworks";
				PRODUCT_BUNDLE_IDENTIFIER = com.hildequias.junior.creationalPatterns.CreationalPatterns;
				PRODUCT_NAME = "$(TARGET_NAME)";
				SWIFT_VERSION = 3.0;
			};
			name = Debug;
		};
		793D61991E93CF930075FDB3 /* Release */ = {
			isa = XCBuildConfiguration;
			buildSettings = {
				ASSETCATALOG_COMPILER_APPICON_NAME = AppIcon;
				DEVELOPMENT_TEAM = AXTYT9YGM8;
				INFOPLIST_FILE = CreationalPatterns/Info.plist;
				LD_RUNPATH_SEARCH_PATHS = "$(inherited) @executable_path/Frameworks";
				PRODUCT_BUNDLE_IDENTIFIER = com.hildequias.junior.creationalPatterns.CreationalPatterns;
				PRODUCT_NAME = "$(TARGET_NAME)";
				SWIFT_VERSION = 3.0;
			};
			name = Release;
		};
/* End XCBuildConfiguration section */

/* Begin XCConfigurationList section */
		793D61801E93CF920075FDB3 /* Build configuration list for PBXProject "CreationalPatterns" */ = {
			isa = XCConfigurationList;
			buildConfigurations = (
				793D61951E93CF930075FDB3 /* Debug */,
				793D61961E93CF930075FDB3 /* Release */,
			);
			defaultConfigurationIsVisible = 0;
			defaultConfigurationName = Release;
		};
		793D61971E93CF930075FDB3 /* Build configuration list for PBXNativeTarget "CreationalPatterns" */ = {
			isa = XCConfigurationList;
			buildConfigurations = (
				793D61981E93CF930075FDB3 /* Debug */,
				793D61991E93CF930075FDB3 /* Release */,
			);
			defaultConfigurationIsVisible = 0;
			defaultConfigurationName = Release;
		};
/* End XCConfigurationList section */
	};
	rootObject = 793D617D1E93CF920075FDB3 /* Project object */;
}
